PODS:
  - MaterialDesignWidgets (0.1.1)

DEPENDENCIES:
  - MaterialDesignWidgets (from `~/Documents/Github/material-design-widgets-lite-ios/MaterialDesignWidgets`)

EXTERNAL SOURCES:
  MaterialDesignWidgets:
    :path: "~/Documents/Github/material-design-widgets-lite-ios/MaterialDesignWidgets"

SPEC CHECKSUMS:
  MaterialDesignWidgets: 6d02d3fbba2fa89f6e773983346ad2187d7ef8ff

PODFILE CHECKSUM: c712e0ad8fc1e413d3ae3226fd3b0b90a877ad97

COCOAPODS: 1.9.2
