PODS:
  - MaterialDesignWidgets (0.1.0)

DEPENDENCIES:
  - MaterialDesignWidgets (from `~/Documents/Github/material-design-widgets-lite-ios/MaterialDesignWidgets`)

EXTERNAL SOURCES:
  MaterialDesignWidgets:
    :path: "~/Documents/Github/material-design-widgets-lite-ios/MaterialDesignWidgets"

SPEC CHECKSUMS:
  MaterialDesignWidgets: 2dee272bc9b058cc64c3eb1f5c90334a450957d7

PODFILE CHECKSUM: c712e0ad8fc1e413d3ae3226fd3b0b90a877ad97

COCOAPODS: 1.8.4
